
Microsoft Visual Studio Solution File, Format Version 12.00
Project("{FAE04EC0-301F-11D3-BF4B-00C04F79EFBC}") = "PasswordGenConsole", "PasswordGenConsole\PasswordGenConsole.csproj", "{B0DDD3D4-339A-41DB-B54B-32BE8C7B766C}"
EndProject
Global
	GlobalSection(SolutionConfigurationPlatforms) = preSolution
		Debug|Any CPU = Debug|Any CPU
		Release|Any CPU = Release|Any CPU
	EndGlobalSection
	GlobalSection(ProjectConfigurationPlatforms) = postSolution
		{B0DDD3D4-339A-41DB-B54B-32BE8C7B766C}.Debug|Any CPU.ActiveCfg = Debug|Any CPU
		{B0DDD3D4-339A-41DB-B54B-32BE8C7B766C}.Debug|Any CPU.Build.0 = Debug|Any CPU
		{B0DDD3D4-339A-41DB-B54B-32BE8C7B766C}.Release|Any CPU.ActiveCfg = Release|Any CPU
		{B0DDD3D4-339A-41DB-B54B-32BE8C7B766C}.Release|Any CPU.Build.0 = Release|Any CPU
	EndGlobalSection
EndGlobal
